
Microsoft Visual Studio Solution File, Format Version 12.00
# Visual Studio 15
VisualStudioVersion = 15.0.28307.779
MinimumVisualStudioVersion = 10.0.40219.1
Project("{FAE04EC0-301F-11D3-BF4B-00C04F79EFBC}") = "miniproject", "miniproject\miniproject.csproj", "{577F0396-0D08-4A62-8C64-C8248662DBFE}"
EndProject
Project("{FAE04EC0-301F-11D3-BF4B-00C04F79EFBC}") = "miniproject.Tests", "miniproject.Tests\miniproject.Tests.csproj", "{9E22207D-49BE-4EF9-8FAE-015127028501}"
EndProject
Global
	GlobalSection(SolutionConfigurationPlatforms) = preSolution
		Debug|Any CPU = Debug|Any CPU
		Release|Any CPU = Release|Any CPU
	EndGlobalSection
	GlobalSection(ProjectConfigurationPlatforms) = postSolution
		{577F0396-0D08-4A62-8C64-C8248662DBFE}.Debug|Any CPU.ActiveCfg = Debug|Any CPU
		{577F0396-0D08-4A62-8C64-C8248662DBFE}.Debug|Any CPU.Build.0 = Debug|Any CPU
		{577F0396-0D08-4A62-8C64-C8248662DBFE}.Release|Any CPU.ActiveCfg = Release|Any CPU
		{577F0396-0D08-4A62-8C64-C8248662DBFE}.Release|Any CPU.Build.0 = Release|Any CPU
		{9E22207D-49BE-4EF9-8FAE-015127028501}.Debug|Any CPU.ActiveCfg = Debug|Any CPU
		{9E22207D-49BE-4EF9-8FAE-015127028501}.Debug|Any CPU.Build.0 = Debug|Any CPU
		{9E22207D-49BE-4EF9-8FAE-015127028501}.Release|Any CPU.ActiveCfg = Release|Any CPU
		{9E22207D-49BE-4EF9-8FAE-015127028501}.Release|Any CPU.Build.0 = Release|Any CPU
	EndGlobalSection
	GlobalSection(SolutionProperties) = preSolution
		HideSolutionNode = FALSE
	EndGlobalSection
	GlobalSection(ExtensibilityGlobals) = postSolution
		SolutionGuid = {A5727186-57CF-4F28-85A5-9A31EDCCA1C6}
	EndGlobalSection
EndGlobal
